
Microsoft Visual Studio Solution File, Format Version 12.00
# Visual Studio Version 17
VisualStudioVersion = 17.5.33502.453
MinimumVisualStudioVersion = 10.0.40219.1
Project("{FAE04EC0-301F-11D3-BF4B-00C04F79EFBC}") = "OOTPLab5", "OOTPLab5.csproj", "{C92BAC97-6CCC-4912-A7D1-9573F028E14F}"
EndProject
Global
	GlobalSection(SolutionConfigurationPlatforms) = preSolution
		Debug|Any CPU = Debug|Any CPU
		Release|Any CPU = Release|Any CPU
	EndGlobalSection
	GlobalSection(ProjectConfigurationPlatforms) = postSolution
		{C92BAC97-6CCC-4912-A7D1-9573F028E14F}.Debug|Any CPU.ActiveCfg = Debug|Any CPU
		{C92BAC97-6CCC-4912-A7D1-9573F028E14F}.Debug|Any CPU.Build.0 = Debug|Any CPU
		{C92BAC97-6CCC-4912-A7D1-9573F028E14F}.Release|Any CPU.ActiveCfg = Release|Any CPU
		{C92BAC97-6CCC-4912-A7D1-9573F028E14F}.Release|Any CPU.Build.0 = Release|Any CPU
	EndGlobalSection
	GlobalSection(SolutionProperties) = preSolution
		HideSolutionNode = FALSE
	EndGlobalSection
	GlobalSection(ExtensibilityGlobals) = postSolution
		SolutionGuid = {806291DD-B8FE-4BDC-9944-47BF0A0666DE}
	EndGlobalSection
EndGlobal
